
Microsoft Visual Studio Solution File, Format Version 12.00
# Visual Studio Version 17
VisualStudioVersion = 17.9.34607.119
MinimumVisualStudioVersion = 10.0.40219.1
Project("{9A19103F-16F7-4668-BE54-9A1E7A4F7556}") = "Domain.RentalCar", "Domain.RentalCar\Domain.RentalCar.csproj", "{23E8D1E3-F11E-49B1-82CB-6D7ED438579E}"
EndProject
Project("{9A19103F-16F7-4668-BE54-9A1E7A4F7556}") = "Application.RentalCar", "Application.RentalCar\Application.RentalCar.csproj", "{78E83E00-CF6E-4D9F-872D-E3D332565FFB}"
EndProject
Project("{9A19103F-16F7-4668-BE54-9A1E7A4F7556}") = "Infrastructure.RentalCar", "Infrastructure.RentalCar\Infrastructure.RentalCar.csproj", "{E8569E8F-998B-4470-821C-74C38A4BC1D9}"
EndProject
Project("{9A19103F-16F7-4668-BE54-9A1E7A4F7556}") = "Web.RentalCar", "Web.RentalCar\Web.RentalCar.csproj", "{04FB1FBA-7098-45A4-BA1D-536E09FB0435}"
EndProject
Project("{2150E333-8FDC-42A3-9474-1A3956D46DE8}") = "方案項目", "方案項目", "{767605AD-4FD7-4920-9C49-D0DA31CB6905}"
	ProjectSection(SolutionItems) = preProject
		README.md = README.md
	EndProjectSection
EndProject
Global
	GlobalSection(SolutionConfigurationPlatforms) = preSolution
		Debug|Any CPU = Debug|Any CPU
		Release|Any CPU = Release|Any CPU
	EndGlobalSection
	GlobalSection(ProjectConfigurationPlatforms) = postSolution
		{23E8D1E3-F11E-49B1-82CB-6D7ED438579E}.Debug|Any CPU.ActiveCfg = Debug|Any CPU
		{23E8D1E3-F11E-49B1-82CB-6D7ED438579E}.Debug|Any CPU.Build.0 = Debug|Any CPU
		{23E8D1E3-F11E-49B1-82CB-6D7ED438579E}.Release|Any CPU.ActiveCfg = Release|Any CPU
		{23E8D1E3-F11E-49B1-82CB-6D7ED438579E}.Release|Any CPU.Build.0 = Release|Any CPU
		{78E83E00-CF6E-4D9F-872D-E3D332565FFB}.Debug|Any CPU.ActiveCfg = Debug|Any CPU
		{78E83E00-CF6E-4D9F-872D-E3D332565FFB}.Debug|Any CPU.Build.0 = Debug|Any CPU
		{78E83E00-CF6E-4D9F-872D-E3D332565FFB}.Release|Any CPU.ActiveCfg = Release|Any CPU
		{78E83E00-CF6E-4D9F-872D-E3D332565FFB}.Release|Any CPU.Build.0 = Release|Any CPU
		{E8569E8F-998B-4470-821C-74C38A4BC1D9}.Debug|Any CPU.ActiveCfg = Debug|Any CPU
		{E8569E8F-998B-4470-821C-74C38A4BC1D9}.Debug|Any CPU.Build.0 = Debug|Any CPU
		{E8569E8F-998B-4470-821C-74C38A4BC1D9}.Release|Any CPU.ActiveCfg = Release|Any CPU
		{E8569E8F-998B-4470-821C-74C38A4BC1D9}.Release|Any CPU.Build.0 = Release|Any CPU
		{04FB1FBA-7098-45A4-BA1D-536E09FB0435}.Debug|Any CPU.ActiveCfg = Debug|Any CPU
		{04FB1FBA-7098-45A4-BA1D-536E09FB0435}.Debug|Any CPU.Build.0 = Debug|Any CPU
		{04FB1FBA-7098-45A4-BA1D-536E09FB0435}.Release|Any CPU.ActiveCfg = Release|Any CPU
		{04FB1FBA-7098-45A4-BA1D-536E09FB0435}.Release|Any CPU.Build.0 = Release|Any CPU
	EndGlobalSection
	GlobalSection(SolutionProperties) = preSolution
		HideSolutionNode = FALSE
	EndGlobalSection
	GlobalSection(ExtensibilityGlobals) = postSolution
		SolutionGuid = {F89776C9-66CE-4CE3-8173-BC02659DA263}
	EndGlobalSection
EndGlobal
